
Microsoft Visual Studio Solution File, Format Version 12.00
# Visual Studio Version 17
VisualStudioVersion = 17.2.32519.379
MinimumVisualStudioVersion = 10.0.40219.1
Project("{9A19103F-16F7-4668-BE54-9A1E7A4F7556}") = "Pokedex_oop_views", "Pokedex_oop_views\Pokedex_oop_views.csproj", "{BD79E745-3C90-4183-9DFE-86FF8DBFA08D}"
EndProject
Project("{FAE04EC0-301F-11D3-BF4B-00C04F79EFBC}") = "Pokedex_oop_entity_framework", "Pokedex_oop_entity_framework\Pokedex_oop_entity_framework.csproj", "{04DD9932-50E5-4F82-A42E-0744A6514475}"
EndProject
Project("{FAE04EC0-301F-11D3-BF4B-00C04F79EFBC}") = "Pokedex_oop_domain", "Pokedex_oop_domain\Pokedex_oop_domain.csproj", "{96C5945C-33EE-49FB-AA72-CFDE6F4FB167}"
EndProject
Global
	GlobalSection(SolutionConfigurationPlatforms) = preSolution
		Debug|Any CPU = Debug|Any CPU
		Release|Any CPU = Release|Any CPU
	EndGlobalSection
	GlobalSection(ProjectConfigurationPlatforms) = postSolution
		{BD79E745-3C90-4183-9DFE-86FF8DBFA08D}.Debug|Any CPU.ActiveCfg = Debug|Any CPU
		{BD79E745-3C90-4183-9DFE-86FF8DBFA08D}.Debug|Any CPU.Build.0 = Debug|Any CPU
		{BD79E745-3C90-4183-9DFE-86FF8DBFA08D}.Release|Any CPU.ActiveCfg = Release|Any CPU
		{BD79E745-3C90-4183-9DFE-86FF8DBFA08D}.Release|Any CPU.Build.0 = Release|Any CPU
		{04DD9932-50E5-4F82-A42E-0744A6514475}.Debug|Any CPU.ActiveCfg = Debug|Any CPU
		{04DD9932-50E5-4F82-A42E-0744A6514475}.Debug|Any CPU.Build.0 = Debug|Any CPU
		{04DD9932-50E5-4F82-A42E-0744A6514475}.Release|Any CPU.ActiveCfg = Release|Any CPU
		{04DD9932-50E5-4F82-A42E-0744A6514475}.Release|Any CPU.Build.0 = Release|Any CPU
		{96C5945C-33EE-49FB-AA72-CFDE6F4FB167}.Debug|Any CPU.ActiveCfg = Debug|Any CPU
		{96C5945C-33EE-49FB-AA72-CFDE6F4FB167}.Debug|Any CPU.Build.0 = Debug|Any CPU
		{96C5945C-33EE-49FB-AA72-CFDE6F4FB167}.Release|Any CPU.ActiveCfg = Release|Any CPU
		{96C5945C-33EE-49FB-AA72-CFDE6F4FB167}.Release|Any CPU.Build.0 = Release|Any CPU
	EndGlobalSection
	GlobalSection(SolutionProperties) = preSolution
		HideSolutionNode = FALSE
	EndGlobalSection
	GlobalSection(ExtensibilityGlobals) = postSolution
		SolutionGuid = {4AEF2867-2589-4318-A777-5680C6AE62E2}
	EndGlobalSection
EndGlobal
